
Microsoft Visual Studio Solution File, Format Version 12.00
# Visual Studio Version 17
VisualStudioVersion = 17.5.33502.453
MinimumVisualStudioVersion = 10.0.40219.1
Project("{FAE04EC0-301F-11D3-BF4B-00C04F79EFBC}") = "WorkerService1", "WorkerService1.csproj", "{1C94C805-7728-4D35-8E67-B2663AA7653F}"
EndProject
Global
	GlobalSection(SolutionConfigurationPlatforms) = preSolution
		Debug|Any CPU = Debug|Any CPU
		Release|Any CPU = Release|Any CPU
	EndGlobalSection
	GlobalSection(ProjectConfigurationPlatforms) = postSolution
		{1C94C805-7728-4D35-8E67-B2663AA7653F}.Debug|Any CPU.ActiveCfg = Debug|Any CPU
		{1C94C805-7728-4D35-8E67-B2663AA7653F}.Debug|Any CPU.Build.0 = Debug|Any CPU
		{1C94C805-7728-4D35-8E67-B2663AA7653F}.Release|Any CPU.ActiveCfg = Release|Any CPU
		{1C94C805-7728-4D35-8E67-B2663AA7653F}.Release|Any CPU.Build.0 = Release|Any CPU
	EndGlobalSection
	GlobalSection(SolutionProperties) = preSolution
		HideSolutionNode = FALSE
	EndGlobalSection
	GlobalSection(ExtensibilityGlobals) = postSolution
		SolutionGuid = {4F052C4D-360D-4A31-846E-B69C696EE49D}
	EndGlobalSection
EndGlobal
